
Microsoft Visual Studio Solution File, Format Version 12.00
# Visual Studio Version 16
VisualStudioVersion = 16.0.31321.278
MinimumVisualStudioVersion = 10.0.40219.1
Project("{9A19103F-16F7-4668-BE54-9A1E7A4F7556}") = "SSock.Server", "SSock.Server\SSock.Server.csproj", "{F37A0707-19B3-44E8-8B53-622B7B15E7C4}"
EndProject
Project("{2150E333-8FDC-42A3-9474-1A3956D46DE8}") = "Core", "Core", "{B4CE6ED0-83E2-44CE-A99C-0B4BCF22637A}"
EndProject
Project("{2150E333-8FDC-42A3-9474-1A3956D46DE8}") = "Client", "Client", "{1C96B1D3-5DC7-4548-9845-39A5060E5ECB}"
EndProject
Project("{2150E333-8FDC-42A3-9474-1A3956D46DE8}") = "Server", "Server", "{C568626C-1DA1-4B8A-8A44-5FAA2FF4D1BC}"
EndProject
Project("{9A19103F-16F7-4668-BE54-9A1E7A4F7556}") = "SSock.Core", "SSock.Core\SSock.Core.csproj", "{EFD13223-F116-480C-AC5C-56F08B10A050}"
EndProject
Project("{9A19103F-16F7-4668-BE54-9A1E7A4F7556}") = "SSock.Core.Commands", "SSock.Core.Commands\SSock.Core.Commands.csproj", "{1C2A6C24-C2DB-4020-AA9C-9C6194AB7516}"
EndProject
Project("{9A19103F-16F7-4668-BE54-9A1E7A4F7556}") = "SSock.Core.Commands.Abstract", "SSock.Core.Commands.Abstract\SSock.Core.Commands.Abstract.csproj", "{DAB72631-0678-4123-B82D-23FC1C1F87C0}"
EndProject
Project("{9A19103F-16F7-4668-BE54-9A1E7A4F7556}") = "SSock.Client", "SSock.Client\SSock.Client.csproj", "{99A1BEAC-A2FE-448B-95AD-B57A0DD8FED1}"
EndProject
Project("{9A19103F-16F7-4668-BE54-9A1E7A4F7556}") = "SSock.Client.Core", "SSock.Client.Core\SSock.Client.Core.csproj", "{52853164-185B-4986-A6EA-AA7E812378ED}"
EndProject
Project("{9A19103F-16F7-4668-BE54-9A1E7A4F7556}") = "SSock.Core.Abstract", "SSock.Core.Abstract\SSock.Core.Abstract.csproj", "{E73C5973-EFF5-4AC0-987A-EB2C3E26EE49}"
EndProject
Project("{9A19103F-16F7-4668-BE54-9A1E7A4F7556}") = "SSock.Client.Core.Abstract", "SSock.Client.Core.Abstract\SSock.Client.Core.Abstract.csproj", "{0572525E-CC4B-4407-A427-773A333FE3D7}"
EndProject
Project("{9A19103F-16F7-4668-BE54-9A1E7A4F7556}") = "SSock.Server.Core", "SSock.Server.Core\SSock.Server.Core.csproj", "{8D81DC65-D2D0-4E1B-BA1C-33B3C317DBAC}"
EndProject
Project("{9A19103F-16F7-4668-BE54-9A1E7A4F7556}") = "SSock.Server.Core.Abstract", "SSock.Server.Core.Abstract\SSock.Server.Core.Abstract.csproj", "{0978D114-D57B-47DD-88A8-4A151EA7932F}"
EndProject
Project("{9A19103F-16F7-4668-BE54-9A1E7A4F7556}") = "SSock.Core.Services", "SSock.Core.Services\SSock.Core.Services.csproj", "{7861D4D4-C8BF-40B7-8D90-8481D52F5BEC}"
EndProject
Project("{9A19103F-16F7-4668-BE54-9A1E7A4F7556}") = "SSock.Core.Services.Abstract", "SSock.Core.Services.Abstract\SSock.Core.Services.Abstract.csproj", "{68B09064-F3DB-4776-A7C9-91AB61B26EC5}"
EndProject
Project("{9A19103F-16F7-4668-BE54-9A1E7A4F7556}") = "SSock.Domain", "SSock.Domain\SSock.Domain.csproj", "{72E63012-DB26-4BE5-B903-F5A1B0B0B4DC}"
EndProject
Project("{9A19103F-16F7-4668-BE54-9A1E7A4F7556}") = "SSock.Server.Domain", "SSock.Server.Domain\SSock.Server.Domain.csproj", "{EBC50F91-EB43-4441-84F6-7CA3288D489D}"
EndProject
Project("{9A19103F-16F7-4668-BE54-9A1E7A4F7556}") = "SSock.Client.Domain", "SSock.Client.Domain\SSock.Client.Domain.csproj", "{80812CA7-F1D8-4BDD-BA97-8A022020BA62}"
EndProject
Project("{9A19103F-16F7-4668-BE54-9A1E7A4F7556}") = "SSock.Client.Services", "SSock.Client.Services\SSock.Client.Services.csproj", "{042E04D3-BB7F-4E15-B9A3-0F43BA0232C8}"
EndProject
Project("{9A19103F-16F7-4668-BE54-9A1E7A4F7556}") = "SSock.Server.Services", "SSock.Server.Services\SSock.Server.Services.csproj", "{6520D690-7CE9-4CDB-9562-C317A80541F5}"
EndProject
Project("{FAE04EC0-301F-11D3-BF4B-00C04F79EFBC}") = "SSock.Client.Services.Abstract", "SSock.Client.Services.Abstract\SSock.Client.Services.Abstract.csproj", "{05073842-547F-451D-8623-A349FBFD0B25}"
EndProject
Global
	GlobalSection(SolutionConfigurationPlatforms) = preSolution
		Debug|Any CPU = Debug|Any CPU
		Release|Any CPU = Release|Any CPU
	EndGlobalSection
	GlobalSection(ProjectConfigurationPlatforms) = postSolution
		{F37A0707-19B3-44E8-8B53-622B7B15E7C4}.Debug|Any CPU.ActiveCfg = Debug|Any CPU
		{F37A0707-19B3-44E8-8B53-622B7B15E7C4}.Debug|Any CPU.Build.0 = Debug|Any CPU
		{F37A0707-19B3-44E8-8B53-622B7B15E7C4}.Release|Any CPU.ActiveCfg = Release|Any CPU
		{F37A0707-19B3-44E8-8B53-622B7B15E7C4}.Release|Any CPU.Build.0 = Release|Any CPU
		{EFD13223-F116-480C-AC5C-56F08B10A050}.Debug|Any CPU.ActiveCfg = Debug|Any CPU
		{EFD13223-F116-480C-AC5C-56F08B10A050}.Debug|Any CPU.Build.0 = Debug|Any CPU
		{EFD13223-F116-480C-AC5C-56F08B10A050}.Release|Any CPU.ActiveCfg = Release|Any CPU
		{EFD13223-F116-480C-AC5C-56F08B10A050}.Release|Any CPU.Build.0 = Release|Any CPU
		{1C2A6C24-C2DB-4020-AA9C-9C6194AB7516}.Debug|Any CPU.ActiveCfg = Debug|Any CPU
		{1C2A6C24-C2DB-4020-AA9C-9C6194AB7516}.Debug|Any CPU.Build.0 = Debug|Any CPU
		{1C2A6C24-C2DB-4020-AA9C-9C6194AB7516}.Release|Any CPU.ActiveCfg = Release|Any CPU
		{1C2A6C24-C2DB-4020-AA9C-9C6194AB7516}.Release|Any CPU.Build.0 = Release|Any CPU
		{DAB72631-0678-4123-B82D-23FC1C1F87C0}.Debug|Any CPU.ActiveCfg = Debug|Any CPU
		{DAB72631-0678-4123-B82D-23FC1C1F87C0}.Debug|Any CPU.Build.0 = Debug|Any CPU
		{DAB72631-0678-4123-B82D-23FC1C1F87C0}.Release|Any CPU.ActiveCfg = Release|Any CPU
		{DAB72631-0678-4123-B82D-23FC1C1F87C0}.Release|Any CPU.Build.0 = Release|Any CPU
		{99A1BEAC-A2FE-448B-95AD-B57A0DD8FED1}.Debug|Any CPU.ActiveCfg = Debug|Any CPU
		{99A1BEAC-A2FE-448B-95AD-B57A0DD8FED1}.Debug|Any CPU.Build.0 = Debug|Any CPU
		{99A1BEAC-A2FE-448B-95AD-B57A0DD8FED1}.Release|Any CPU.ActiveCfg = Release|Any CPU
		{99A1BEAC-A2FE-448B-95AD-B57A0DD8FED1}.Release|Any CPU.Build.0 = Release|Any CPU
		{52853164-185B-4986-A6EA-AA7E812378ED}.Debug|Any CPU.ActiveCfg = Debug|Any CPU
		{52853164-185B-4986-A6EA-AA7E812378ED}.Debug|Any CPU.Build.0 = Debug|Any CPU
		{52853164-185B-4986-A6EA-AA7E812378ED}.Release|Any CPU.ActiveCfg = Release|Any CPU
		{52853164-185B-4986-A6EA-AA7E812378ED}.Release|Any CPU.Build.0 = Release|Any CPU
		{E73C5973-EFF5-4AC0-987A-EB2C3E26EE49}.Debug|Any CPU.ActiveCfg = Debug|Any CPU
		{E73C5973-EFF5-4AC0-987A-EB2C3E26EE49}.Debug|Any CPU.Build.0 = Debug|Any CPU
		{E73C5973-EFF5-4AC0-987A-EB2C3E26EE49}.Release|Any CPU.ActiveCfg = Release|Any CPU
		{E73C5973-EFF5-4AC0-987A-EB2C3E26EE49}.Release|Any CPU.Build.0 = Release|Any CPU
		{0572525E-CC4B-4407-A427-773A333FE3D7}.Debug|Any CPU.ActiveCfg = Debug|Any CPU
		{0572525E-CC4B-4407-A427-773A333FE3D7}.Debug|Any CPU.Build.0 = Debug|Any CPU
		{0572525E-CC4B-4407-A427-773A333FE3D7}.Release|Any CPU.ActiveCfg = Release|Any CPU
		{0572525E-CC4B-4407-A427-773A333FE3D7}.Release|Any CPU.Build.0 = Release|Any CPU
		{8D81DC65-D2D0-4E1B-BA1C-33B3C317DBAC}.Debug|Any CPU.ActiveCfg = Debug|Any CPU
		{8D81DC65-D2D0-4E1B-BA1C-33B3C317DBAC}.Debug|Any CPU.Build.0 = Debug|Any CPU
		{8D81DC65-D2D0-4E1B-BA1C-33B3C317DBAC}.Release|Any CPU.ActiveCfg = Release|Any CPU
		{8D81DC65-D2D0-4E1B-BA1C-33B3C317DBAC}.Release|Any CPU.Build.0 = Release|Any CPU
		{0978D114-D57B-47DD-88A8-4A151EA7932F}.Debug|Any CPU.ActiveCfg = Debug|Any CPU
		{0978D114-D57B-47DD-88A8-4A151EA7932F}.Debug|Any CPU.Build.0 = Debug|Any CPU
		{0978D114-D57B-47DD-88A8-4A151EA7932F}.Release|Any CPU.ActiveCfg = Release|Any CPU
		{0978D114-D57B-47DD-88A8-4A151EA7932F}.Release|Any CPU.Build.0 = Release|Any CPU
		{7861D4D4-C8BF-40B7-8D90-8481D52F5BEC}.Debug|Any CPU.ActiveCfg = Debug|Any CPU
		{7861D4D4-C8BF-40B7-8D90-8481D52F5BEC}.Debug|Any CPU.Build.0 = Debug|Any CPU
		{7861D4D4-C8BF-40B7-8D90-8481D52F5BEC}.Release|Any CPU.ActiveCfg = Release|Any CPU
		{7861D4D4-C8BF-40B7-8D90-8481D52F5BEC}.Release|Any CPU.Build.0 = Release|Any CPU
		{68B09064-F3DB-4776-A7C9-91AB61B26EC5}.Debug|Any CPU.ActiveCfg = Debug|Any CPU
		{68B09064-F3DB-4776-A7C9-91AB61B26EC5}.Debug|Any CPU.Build.0 = Debug|Any CPU
		{68B09064-F3DB-4776-A7C9-91AB61B26EC5}.Release|Any CPU.ActiveCfg = Release|Any CPU
		{68B09064-F3DB-4776-A7C9-91AB61B26EC5}.Release|Any CPU.Build.0 = Release|Any CPU
		{72E63012-DB26-4BE5-B903-F5A1B0B0B4DC}.Debug|Any CPU.ActiveCfg = Debug|Any CPU
		{72E63012-DB26-4BE5-B903-F5A1B0B0B4DC}.Debug|Any CPU.Build.0 = Debug|Any CPU
		{72E63012-DB26-4BE5-B903-F5A1B0B0B4DC}.Release|Any CPU.ActiveCfg = Release|Any CPU
		{72E63012-DB26-4BE5-B903-F5A1B0B0B4DC}.Release|Any CPU.Build.0 = Release|Any CPU
		{EBC50F91-EB43-4441-84F6-7CA3288D489D}.Debug|Any CPU.ActiveCfg = Debug|Any CPU
		{EBC50F91-EB43-4441-84F6-7CA3288D489D}.Debug|Any CPU.Build.0 = Debug|Any CPU
		{EBC50F91-EB43-4441-84F6-7CA3288D489D}.Release|Any CPU.ActiveCfg = Release|Any CPU
		{EBC50F91-EB43-4441-84F6-7CA3288D489D}.Release|Any CPU.Build.0 = Release|Any CPU
		{80812CA7-F1D8-4BDD-BA97-8A022020BA62}.Debug|Any CPU.ActiveCfg = Debug|Any CPU
		{80812CA7-F1D8-4BDD-BA97-8A022020BA62}.Debug|Any CPU.Build.0 = Debug|Any CPU
		{80812CA7-F1D8-4BDD-BA97-8A022020BA62}.Release|Any CPU.ActiveCfg = Release|Any CPU
		{80812CA7-F1D8-4BDD-BA97-8A022020BA62}.Release|Any CPU.Build.0 = Release|Any CPU
		{042E04D3-BB7F-4E15-B9A3-0F43BA0232C8}.Debug|Any CPU.ActiveCfg = Debug|Any CPU
		{042E04D3-BB7F-4E15-B9A3-0F43BA0232C8}.Debug|Any CPU.Build.0 = Debug|Any CPU
		{042E04D3-BB7F-4E15-B9A3-0F43BA0232C8}.Release|Any CPU.ActiveCfg = Release|Any CPU
		{042E04D3-BB7F-4E15-B9A3-0F43BA0232C8}.Release|Any CPU.Build.0 = Release|Any CPU
		{6520D690-7CE9-4CDB-9562-C317A80541F5}.Debug|Any CPU.ActiveCfg = Debug|Any CPU
		{6520D690-7CE9-4CDB-9562-C317A80541F5}.Debug|Any CPU.Build.0 = Debug|Any CPU
		{6520D690-7CE9-4CDB-9562-C317A80541F5}.Release|Any CPU.ActiveCfg = Release|Any CPU
		{6520D690-7CE9-4CDB-9562-C317A80541F5}.Release|Any CPU.Build.0 = Release|Any CPU
		{05073842-547F-451D-8623-A349FBFD0B25}.Debug|Any CPU.ActiveCfg = Debug|Any CPU
		{05073842-547F-451D-8623-A349FBFD0B25}.Debug|Any CPU.Build.0 = Debug|Any CPU
		{05073842-547F-451D-8623-A349FBFD0B25}.Release|Any CPU.ActiveCfg = Release|Any CPU
		{05073842-547F-451D-8623-A349FBFD0B25}.Release|Any CPU.Build.0 = Release|Any CPU
	EndGlobalSection
	GlobalSection(SolutionProperties) = preSolution
		HideSolutionNode = FALSE
	EndGlobalSection
	GlobalSection(NestedProjects) = preSolution
		{F37A0707-19B3-44E8-8B53-622B7B15E7C4} = {C568626C-1DA1-4B8A-8A44-5FAA2FF4D1BC}
		{EFD13223-F116-480C-AC5C-56F08B10A050} = {B4CE6ED0-83E2-44CE-A99C-0B4BCF22637A}
		{1C2A6C24-C2DB-4020-AA9C-9C6194AB7516} = {B4CE6ED0-83E2-44CE-A99C-0B4BCF22637A}
		{DAB72631-0678-4123-B82D-23FC1C1F87C0} = {B4CE6ED0-83E2-44CE-A99C-0B4BCF22637A}
		{99A1BEAC-A2FE-448B-95AD-B57A0DD8FED1} = {1C96B1D3-5DC7-4548-9845-39A5060E5ECB}
		{52853164-185B-4986-A6EA-AA7E812378ED} = {1C96B1D3-5DC7-4548-9845-39A5060E5ECB}
		{E73C5973-EFF5-4AC0-987A-EB2C3E26EE49} = {B4CE6ED0-83E2-44CE-A99C-0B4BCF22637A}
		{0572525E-CC4B-4407-A427-773A333FE3D7} = {1C96B1D3-5DC7-4548-9845-39A5060E5ECB}
		{8D81DC65-D2D0-4E1B-BA1C-33B3C317DBAC} = {C568626C-1DA1-4B8A-8A44-5FAA2FF4D1BC}
		{0978D114-D57B-47DD-88A8-4A151EA7932F} = {C568626C-1DA1-4B8A-8A44-5FAA2FF4D1BC}
		{7861D4D4-C8BF-40B7-8D90-8481D52F5BEC} = {B4CE6ED0-83E2-44CE-A99C-0B4BCF22637A}
		{68B09064-F3DB-4776-A7C9-91AB61B26EC5} = {B4CE6ED0-83E2-44CE-A99C-0B4BCF22637A}
		{72E63012-DB26-4BE5-B903-F5A1B0B0B4DC} = {B4CE6ED0-83E2-44CE-A99C-0B4BCF22637A}
		{EBC50F91-EB43-4441-84F6-7CA3288D489D} = {C568626C-1DA1-4B8A-8A44-5FAA2FF4D1BC}
		{80812CA7-F1D8-4BDD-BA97-8A022020BA62} = {1C96B1D3-5DC7-4548-9845-39A5060E5ECB}
		{042E04D3-BB7F-4E15-B9A3-0F43BA0232C8} = {1C96B1D3-5DC7-4548-9845-39A5060E5ECB}
		{6520D690-7CE9-4CDB-9562-C317A80541F5} = {C568626C-1DA1-4B8A-8A44-5FAA2FF4D1BC}
		{05073842-547F-451D-8623-A349FBFD0B25} = {1C96B1D3-5DC7-4548-9845-39A5060E5ECB}
	EndGlobalSection
	GlobalSection(ExtensibilityGlobals) = postSolution
		SolutionGuid = {C1E57A40-360A-4374-BF2E-3F581DAA8644}
	EndGlobalSection
EndGlobal
